// !$*UTF8*$!
{
	archiveVersion = 1;
	classes = {
	};
	objectVersion = 77;
	objects = {

/* Begin PBXGroup section */
		E9766B392E13FABB001BF907 = {
			isa = PBXGroup;
			children = (
			);
			sourceTree = "<group>";
		};
/* End PBXGroup section */

/* Begin PBXProject section */
		E9766B3A2E13FABB001BF907 /* Project object */ = {
			isa = PBXProject;
			attributes = {
				BuildIndependentTargetsInParallel = 1;
				LastUpgradeCheck = 1620;
			};
			buildConfigurationList = E9766B3D2E13FABB001BF907 /* Build configuration list for PBXProject "TriBungus" */;
			developmentRegion = en;
			hasScannedForEncodings = 0;
			knownRegions = (
				en,
				Base,
			);
			mainGroup = E9766B392E13FABB001BF907;
			minimizedProjectReferenceProxies = 1;
			preferredProjectObjectVersion = 77;
			projectDirPath = "";
			projectRoot = "";
			targets = (
			);
		};
/* End PBXProject section */

/* Begin XCBuildConfiguration section */
		E9766B3E2E13FABB001BF907 /* Debug */ = {
			isa = XCBuildConfiguration;
			buildSettings = {
			};
			name = Debug;
		};
		E9766B3F2E13FABB001BF907 /* Release */ = {
			isa = XCBuildConfiguration;
			buildSettings = {
			};
			name = Release;
		};
/* End XCBuildConfiguration section */

/* Begin XCConfigurationList section */
		E9766B3D2E13FABB001BF907 /* Build configuration list for PBXProject "TriBungus" */ = {
			isa = XCConfigurationList;
			buildConfigurations = (
				E9766B3E2E13FABB001BF907 /* Debug */,
				E9766B3F2E13FABB001BF907 /* Release */,
			);
			defaultConfigurationIsVisible = 0;
			defaultConfigurationName = Release;
		};
/* End XCConfigurationList section */
	};
	rootObject = E9766B3A2E13FABB001BF907 /* Project object */;
}
